
Microsoft Visual Studio Solution File, Format Version 12.00
# Visual Studio 15
VisualStudioVersion = 15.0.26730.3
MinimumVisualStudioVersion = 10.0.40219.1
Project("{FAE04EC0-301F-11D3-BF4B-00C04F79EFBC}") = "Typing Test", "Typing Test\Typing Test.csproj", "{8A1C9D58-BA64-4A3A-8226-D45EDC59C4CA}"
EndProject
Global
	GlobalSection(SolutionConfigurationPlatforms) = preSolution
		Debug|Any CPU = Debug|Any CPU
		Release|Any CPU = Release|Any CPU
	EndGlobalSection
	GlobalSection(ProjectConfigurationPlatforms) = postSolution
		{8A1C9D58-BA64-4A3A-8226-D45EDC59C4CA}.Debug|Any CPU.ActiveCfg = Debug|Any CPU
		{8A1C9D58-BA64-4A3A-8226-D45EDC59C4CA}.Debug|Any CPU.Build.0 = Debug|Any CPU
		{8A1C9D58-BA64-4A3A-8226-D45EDC59C4CA}.Release|Any CPU.ActiveCfg = Release|Any CPU
		{8A1C9D58-BA64-4A3A-8226-D45EDC59C4CA}.Release|Any CPU.Build.0 = Release|Any CPU
	EndGlobalSection
	GlobalSection(SolutionProperties) = preSolution
		HideSolutionNode = FALSE
	EndGlobalSection
	GlobalSection(ExtensibilityGlobals) = postSolution
		SolutionGuid = {17318257-49E9-419A-B57E-28932A634511}
	EndGlobalSection
EndGlobal
